
Microsoft Visual Studio Solution File, Format Version 12.00
# Visual Studio Version 17
VisualStudioVersion = 17.6.33815.320
MinimumVisualStudioVersion = 10.0.40219.1
Project("{2150E333-8FDC-42A3-9474-1A3956D46DE8}") = "Services", "Services", "{EEFA6DA3-2F33-439B-A9DC-ABD195B0C17F}"
EndProject
Project("{2150E333-8FDC-42A3-9474-1A3956D46DE8}") = "Catalog", "Catalog", "{4A7E5D0A-620A-469E-89FA-11A72C6D3EA5}"
EndProject
Project("{9A19103F-16F7-4668-BE54-9A1E7A4F7556}") = "Catalog.API", "Services\Catalog\Catalog.API\Catalog.API.csproj", "{CD9138D1-E1D2-488F-BC91-50E3033C1C02}"
EndProject
Project("{E53339B2-1760-4266-BCC7-CA923CBCF16C}") = "docker-compose", "docker-compose.dcproj", "{6E5EB6F8-79BF-4535-BE78-251FE367236D}"
EndProject
Project("{2150E333-8FDC-42A3-9474-1A3956D46DE8}") = "Basket", "Basket", "{69CF38EF-2F34-4FBB-946F-016BBB76933B}"
EndProject
Project("{FAE04EC0-301F-11D3-BF4B-00C04F79EFBC}") = "Basket.API", "Service\Basket\Basket.API\Basket.API.csproj", "{987BB30D-8D9A-4B37-B061-28ABA38964A8}"
EndProject
Project("{2150E333-8FDC-42A3-9474-1A3956D46DE8}") = "Discount", "Discount", "{40BDED60-5580-40C2-97A8-06C241F008FC}"
EndProject
Project("{FAE04EC0-301F-11D3-BF4B-00C04F79EFBC}") = "Discount.API", "Services\Discount\Discount.API\Discount.API.csproj", "{AADF3643-5FDF-4A7F-B627-40583B7BE6F5}"
EndProject
Global
	GlobalSection(SolutionConfigurationPlatforms) = preSolution
		Debug|Any CPU = Debug|Any CPU
		Release|Any CPU = Release|Any CPU
	EndGlobalSection
	GlobalSection(ProjectConfigurationPlatforms) = postSolution
		{CD9138D1-E1D2-488F-BC91-50E3033C1C02}.Debug|Any CPU.ActiveCfg = Debug|Any CPU
		{CD9138D1-E1D2-488F-BC91-50E3033C1C02}.Debug|Any CPU.Build.0 = Debug|Any CPU
		{CD9138D1-E1D2-488F-BC91-50E3033C1C02}.Release|Any CPU.ActiveCfg = Release|Any CPU
		{CD9138D1-E1D2-488F-BC91-50E3033C1C02}.Release|Any CPU.Build.0 = Release|Any CPU
		{6E5EB6F8-79BF-4535-BE78-251FE367236D}.Debug|Any CPU.ActiveCfg = Debug|Any CPU
		{6E5EB6F8-79BF-4535-BE78-251FE367236D}.Debug|Any CPU.Build.0 = Debug|Any CPU
		{6E5EB6F8-79BF-4535-BE78-251FE367236D}.Release|Any CPU.ActiveCfg = Release|Any CPU
		{6E5EB6F8-79BF-4535-BE78-251FE367236D}.Release|Any CPU.Build.0 = Release|Any CPU
		{987BB30D-8D9A-4B37-B061-28ABA38964A8}.Debug|Any CPU.ActiveCfg = Debug|Any CPU
		{987BB30D-8D9A-4B37-B061-28ABA38964A8}.Debug|Any CPU.Build.0 = Debug|Any CPU
		{987BB30D-8D9A-4B37-B061-28ABA38964A8}.Release|Any CPU.ActiveCfg = Release|Any CPU
		{987BB30D-8D9A-4B37-B061-28ABA38964A8}.Release|Any CPU.Build.0 = Release|Any CPU
		{AADF3643-5FDF-4A7F-B627-40583B7BE6F5}.Debug|Any CPU.ActiveCfg = Debug|Any CPU
		{AADF3643-5FDF-4A7F-B627-40583B7BE6F5}.Debug|Any CPU.Build.0 = Debug|Any CPU
		{AADF3643-5FDF-4A7F-B627-40583B7BE6F5}.Release|Any CPU.ActiveCfg = Release|Any CPU
		{AADF3643-5FDF-4A7F-B627-40583B7BE6F5}.Release|Any CPU.Build.0 = Release|Any CPU
	EndGlobalSection
	GlobalSection(SolutionProperties) = preSolution
		HideSolutionNode = FALSE
	EndGlobalSection
	GlobalSection(NestedProjects) = preSolution
		{4A7E5D0A-620A-469E-89FA-11A72C6D3EA5} = {EEFA6DA3-2F33-439B-A9DC-ABD195B0C17F}
		{CD9138D1-E1D2-488F-BC91-50E3033C1C02} = {4A7E5D0A-620A-469E-89FA-11A72C6D3EA5}
		{69CF38EF-2F34-4FBB-946F-016BBB76933B} = {EEFA6DA3-2F33-439B-A9DC-ABD195B0C17F}
		{987BB30D-8D9A-4B37-B061-28ABA38964A8} = {69CF38EF-2F34-4FBB-946F-016BBB76933B}
		{40BDED60-5580-40C2-97A8-06C241F008FC} = {EEFA6DA3-2F33-439B-A9DC-ABD195B0C17F}
		{AADF3643-5FDF-4A7F-B627-40583B7BE6F5} = {40BDED60-5580-40C2-97A8-06C241F008FC}
	EndGlobalSection
	GlobalSection(ExtensibilityGlobals) = postSolution
		SolutionGuid = {519F4D34-2D30-462A-BD91-BB0BA5555EA7}
	EndGlobalSection
EndGlobal
